PODS:
  - DeviceKit (4.5.2)
  - GazeTracker (0.1.0):
    - DeviceKit (~> 4.0)
  - MarqueeLabel (4.0.5)
  - NotificationBannerSwift (3.0.6):
    - MarqueeLabel (~> 4.0.5)
    - SnapKit (~> 5.0.1)
  - SnapKit (5.0.1)

DEPENDENCIES:
  - GazeTracker (from `../`)
  - NotificationBannerSwift (~> 3.0.0)

SPEC REPOS:
  trunk:
    - DeviceKit
    - MarqueeLabel
    - NotificationBannerSwift
    - SnapKit

EXTERNAL SOURCES:
  GazeTracker:
    :path: "../"

SPEC CHECKSUMS:
  DeviceKit: c622fc19f795f3e0b4d75d6d11b26604338cdab3
  GazeTracker: aac0379666fbc2dd2b9e05e663cc768f9992b566
  MarqueeLabel: 00cc0bcd087111dca575878b3531af980559707d
  NotificationBannerSwift: 7021be2338f8f29cf424b0aca43da462bf9e2a1a
  SnapKit: 97b92857e3df3a0c71833cce143274bf6ef8e5eb

PODFILE CHECKSUM: 0f22a24303a50cbb11bb24cf6822a40d1df4535d

COCOAPODS: 1.11.3
