// !$*UTF8*$!
{
	archiveVersion = 1;
	classes = {
	};
	objectVersion = 52;
	objects = {

/* Begin PBXBuildFile section */
		607FACD61AFB9204008FA782 /* AppDelegate.swift in Sources */ = {isa = PBXBuildFile; fileRef = 607FACD51AFB9204008FA782 /* AppDelegate.swift */; };
		607FACD81AFB9204008FA782 /* ViewController.swift in Sources */ = {isa = PBXBuildFile; fileRef = 607FACD71AFB9204008FA782 /* ViewController.swift */; };
		607FACDD1AFB9204008FA782 /* Images.xcassets in Resources */ = {isa = PBXBuildFile; fileRef = 607FACDC1AFB9204008FA782 /* Images.xcassets */; };
		607FACE01AFB9204008FA782 /* LaunchScreen.xib in Resources */ = {isa = PBXBuildFile; fileRef = 607FACDE1AFB9204008FA782 /* LaunchScreen.xib */; };
		732EA7D52829139000F2C642 /* GestureRecognitionTesting.swift in Sources */ = {isa = PBXBuildFile; fileRef = 732EA7D42829139000F2C642 /* GestureRecognitionTesting.swift */; };
		732EA83928315AD100F2C642 /* DeviceKit in Frameworks */ = {isa = PBXBuildFile; productRef = 732EA83828315AD100F2C642 /* DeviceKit */; };
		732EA83C28315B1700F2C642 /* NotificationBannerSwift in Frameworks */ = {isa = PBXBuildFile; productRef = 732EA83B28315B1700F2C642 /* NotificationBannerSwift */; };
		732EA83F28315C2700F2C642 /* Collections in Frameworks */ = {isa = PBXBuildFile; productRef = 732EA83E28315C2700F2C642 /* Collections */; };
		732EA84128315C2700F2C642 /* DequeModule in Frameworks */ = {isa = PBXBuildFile; productRef = 732EA84028315C2700F2C642 /* DequeModule */; };
		732EA84328315C2700F2C642 /* OrderedCollections in Frameworks */ = {isa = PBXBuildFile; productRef = 732EA84228315C2700F2C642 /* OrderedCollections */; };
		73A2FE2727C260F0008F1D4B /* PrecisionTestViewController.swift in Sources */ = {isa = PBXBuildFile; fileRef = 73A2FE2627C260F0008F1D4B /* PrecisionTestViewController.swift */; };
		73D7E9632831650B001DE6DD /* EyeTrackingConfiguration.swift in Sources */ = {isa = PBXBuildFile; fileRef = 73D7E9352831650B001DE6DD /* EyeTrackingConfiguration.swift */; };
		73D7E9642831650B001DE6DD /* EyeTrackingSystem.swift in Sources */ = {isa = PBXBuildFile; fileRef = 73D7E9362831650B001DE6DD /* EyeTrackingSystem.swift */; };
		73D7E9652831650B001DE6DD /* BackendLayerProtocol.swift in Sources */ = {isa = PBXBuildFile; fileRef = 73D7E9392831650B001DE6DD /* BackendLayerProtocol.swift */; };
		73D7E9662831650B001DE6DD /* ConfigurableLayer.swift in Sources */ = {isa = PBXBuildFile; fileRef = 73D7E93B2831650B001DE6DD /* ConfigurableLayer.swift */; };
		73D7E9672831650B001DE6DD /* FrontendLayerProtocol.swift in Sources */ = {isa = PBXBuildFile; fileRef = 73D7E93D2831650B001DE6DD /* FrontendLayerProtocol.swift */; };
		73D7E9682831650B001DE6DD /* GestureExecutionSystem.swift in Sources */ = {isa = PBXBuildFile; fileRef = 73D7E9402831650B001DE6DD /* GestureExecutionSystem.swift */; };
		73D7E9692831650B001DE6DD /* EventDispatcherConfiguration.swift in Sources */ = {isa = PBXBuildFile; fileRef = 73D7E9412831650B001DE6DD /* EventDispatcherConfiguration.swift */; };
		73D7E96A2831650B001DE6DD /* GazeEvent.swift in Sources */ = {isa = PBXBuildFile; fileRef = 73D7E9432831650B001DE6DD /* GazeEvent.swift */; };
		73D7E96B2831650B001DE6DD /* EventDispatcher.swift in Sources */ = {isa = PBXBuildFile; fileRef = 73D7E9442831650B001DE6DD /* EventDispatcher.swift */; };
		73D7E96C2831650B001DE6DD /* GazeGestureRecognizer.swift in Sources */ = {isa = PBXBuildFile; fileRef = 73D7E9462831650B001DE6DD /* GazeGestureRecognizer.swift */; };
		73D7E96D2831650B001DE6DD /* BlinkGestureRecognizer.swift in Sources */ = {isa = PBXBuildFile; fileRef = 73D7E9472831650B001DE6DD /* BlinkGestureRecognizer.swift */; };
		73D7E96E2831650B001DE6DD /* LongGazeGestureRecognizer.swift in Sources */ = {isa = PBXBuildFile; fileRef = 73D7E9482831650B001DE6DD /* LongGazeGestureRecognizer.swift */; };
		73D7E96F2831650B001DE6DD /* BaseEyeGestureRecognizer.swift in Sources */ = {isa = PBXBuildFile; fileRef = 73D7E9492831650B001DE6DD /* BaseEyeGestureRecognizer.swift */; };
		73D7E9702831650B001DE6DD /* GazeTrackingBackendDelegate.swift in Sources */ = {isa = PBXBuildFile; fileRef = 73D7E94C2831650B001DE6DD /* GazeTrackingBackendDelegate.swift */; };
		73D7E9712831650B001DE6DD /* GazeTrackingEvent.swift in Sources */ = {isa = PBXBuildFile; fileRef = 73D7E94E2831650B001DE6DD /* GazeTrackingEvent.swift */; };
		73D7E9722831650B001DE6DD /* CoordinateMapper.swift in Sources */ = {isa = PBXBuildFile; fileRef = 73D7E9502831650B001DE6DD /* CoordinateMapper.swift */; };
		73D7E9732831650B001DE6DD /* ARKitTracker.swift in Sources */ = {isa = PBXBuildFile; fileRef = 73D7E9512831650B001DE6DD /* ARKitTracker.swift */; };
		73D7E9742831650B001DE6DD /* ARKitTrackerConfiguration.swift in Sources */ = {isa = PBXBuildFile; fileRef = 73D7E9522831650B001DE6DD /* ARKitTrackerConfiguration.swift */; };
		73D7E9752831650B001DE6DD /* Debouncer.swift in Sources */ = {isa = PBXBuildFile; fileRef = 73D7E9542831650B001DE6DD /* Debouncer.swift */; };
		73D7E9762831650B001DE6DD /* SlidingAverageableWindow.swift in Sources */ = {isa = PBXBuildFile; fileRef = 73D7E9572831650B001DE6DD /* SlidingAverageableWindow.swift */; };
		73D7E9772831650B001DE6DD /* Averageable.swift in Sources */ = {isa = PBXBuildFile; fileRef = 73D7E95A2831650B001DE6DD /* Averageable.swift */; };
		73D7E9782831650B001DE6DD /* Device+Extensions.swift in Sources */ = {isa = PBXBuildFile; fileRef = 73D7E95D2831650B001DE6DD /* Device+Extensions.swift */; };
		73D7E9792831650B001DE6DD /* Publishers+ZipMany.swift in Sources */ = {isa = PBXBuildFile; fileRef = 73D7E95E2831650B001DE6DD /* Publishers+ZipMany.swift */; };
		73D7E97A2831650B001DE6DD /* Extensions.swift in Sources */ = {isa = PBXBuildFile; fileRef = 73D7E95F2831650B001DE6DD /* Extensions.swift */; };
		73D7E97B2831650B001DE6DD /* simd_float4x4+Averageable.swift in Sources */ = {isa = PBXBuildFile; fileRef = 73D7E9602831650B001DE6DD /* simd_float4x4+Averageable.swift */; };
		73D7E97C2831650B001DE6DD /* CGPoint+Averageable.swift in Sources */ = {isa = PBXBuildFile; fileRef = 73D7E9612831650B001DE6DD /* CGPoint+Averageable.swift */; };
		73D7E97D2831650B001DE6DD /* SCNVector3+Averageable.swift in Sources */ = {isa = PBXBuildFile; fileRef = 73D7E9622831650B001DE6DD /* SCNVector3+Averageable.swift */; };
/* End PBXBuildFile section */

/* Begin PBXFileReference section */
		607FACD01AFB9204008FA782 /* GazeTracker_Example.app */ = {isa = PBXFileReference; explicitFileType = wrapper.application; includeInIndex = 0; path = GazeTracker_Example.app; sourceTree = BUILT_PRODUCTS_DIR; };
		607FACD41AFB9204008FA782 /* Info.plist */ = {isa = PBXFileReference; lastKnownFileType = text.plist.xml; path = Info.plist; sourceTree = "<group>"; };
		607FACD51AFB9204008FA782 /* AppDelegate.swift */ = {isa = PBXFileReference; lastKnownFileType = sourcecode.swift; path = AppDelegate.swift; sourceTree = "<group>"; };
		607FACD71AFB9204008FA782 /* ViewController.swift */ = {isa = PBXFileReference; lastKnownFileType = sourcecode.swift; path = ViewController.swift; sourceTree = "<group>"; };
		607FACDC1AFB9204008FA782 /* Images.xcassets */ = {isa = PBXFileReference; lastKnownFileType = folder.assetcatalog; path = Images.xcassets; sourceTree = "<group>"; };
		607FACDF1AFB9204008FA782 /* Base */ = {isa = PBXFileReference; lastKnownFileType = file.xib; name = Base; path = Base.lproj/LaunchScreen.xib; sourceTree = "<group>"; };
		732EA7D42829139000F2C642 /* GestureRecognitionTesting.swift */ = {isa = PBXFileReference; lastKnownFileType = sourcecode.swift; path = GestureRecognitionTesting.swift; sourceTree = "<group>"; };
		73A2FE2627C260F0008F1D4B /* PrecisionTestViewController.swift */ = {isa = PBXFileReference; lastKnownFileType = sourcecode.swift; path = PrecisionTestViewController.swift; sourceTree = "<group>"; };
		73D7E9352831650B001DE6DD /* EyeTrackingConfiguration.swift */ = {isa = PBXFileReference; fileEncoding = 4; lastKnownFileType = sourcecode.swift; path = EyeTrackingConfiguration.swift; sourceTree = "<group>"; };
		73D7E9362831650B001DE6DD /* EyeTrackingSystem.swift */ = {isa = PBXFileReference; fileEncoding = 4; lastKnownFileType = sourcecode.swift; path = EyeTrackingSystem.swift; sourceTree = "<group>"; };
		73D7E9392831650B001DE6DD /* BackendLayerProtocol.swift */ = {isa = PBXFileReference; fileEncoding = 4; lastKnownFileType = sourcecode.swift; path = BackendLayerProtocol.swift; sourceTree = "<group>"; };
		73D7E93B2831650B001DE6DD /* ConfigurableLayer.swift */ = {isa = PBXFileReference; fileEncoding = 4; lastKnownFileType = sourcecode.swift; path = ConfigurableLayer.swift; sourceTree = "<group>"; };
		73D7E93D2831650B001DE6DD /* FrontendLayerProtocol.swift */ = {isa = PBXFileReference; fileEncoding = 4; lastKnownFileType = sourcecode.swift; path = FrontendLayerProtocol.swift; sourceTree = "<group>"; };
		73D7E9402831650B001DE6DD /* GestureExecutionSystem.swift */ = {isa = PBXFileReference; fileEncoding = 4; lastKnownFileType = sourcecode.swift; path = GestureExecutionSystem.swift; sourceTree = "<group>"; };
		73D7E9412831650B001DE6DD /* EventDispatcherConfiguration.swift */ = {isa = PBXFileReference; fileEncoding = 4; lastKnownFileType = sourcecode.swift; path = EventDispatcherConfiguration.swift; sourceTree = "<group>"; };
		73D7E9432831650B001DE6DD /* GazeEvent.swift */ = {isa = PBXFileReference; fileEncoding = 4; lastKnownFileType = sourcecode.swift; path = GazeEvent.swift; sourceTree = "<group>"; };
		73D7E9442831650B001DE6DD /* EventDispatcher.swift */ = {isa = PBXFileReference; fileEncoding = 4; lastKnownFileType = sourcecode.swift; path = EventDispatcher.swift; sourceTree = "<group>"; };
		73D7E9462831650B001DE6DD /* GazeGestureRecognizer.swift */ = {isa = PBXFileReference; fileEncoding = 4; lastKnownFileType = sourcecode.swift; path = GazeGestureRecognizer.swift; sourceTree = "<group>"; };
		73D7E9472831650B001DE6DD /* BlinkGestureRecognizer.swift */ = {isa = PBXFileReference; fileEncoding = 4; lastKnownFileType = sourcecode.swift; path = BlinkGestureRecognizer.swift; sourceTree = "<group>"; };
		73D7E9482831650B001DE6DD /* LongGazeGestureRecognizer.swift */ = {isa = PBXFileReference; fileEncoding = 4; lastKnownFileType = sourcecode.swift; path = LongGazeGestureRecognizer.swift; sourceTree = "<group>"; };
		73D7E9492831650B001DE6DD /* BaseEyeGestureRecognizer.swift */ = {isa = PBXFileReference; fileEncoding = 4; lastKnownFileType = sourcecode.swift; path = BaseEyeGestureRecognizer.swift; sourceTree = "<group>"; };
		73D7E94C2831650B001DE6DD /* GazeTrackingBackendDelegate.swift */ = {isa = PBXFileReference; fileEncoding = 4; lastKnownFileType = sourcecode.swift; path = GazeTrackingBackendDelegate.swift; sourceTree = "<group>"; };
		73D7E94E2831650B001DE6DD /* GazeTrackingEvent.swift */ = {isa = PBXFileReference; fileEncoding = 4; lastKnownFileType = sourcecode.swift; path = GazeTrackingEvent.swift; sourceTree = "<group>"; };
		73D7E9502831650B001DE6DD /* CoordinateMapper.swift */ = {isa = PBXFileReference; fileEncoding = 4; lastKnownFileType = sourcecode.swift; path = CoordinateMapper.swift; sourceTree = "<group>"; };
		73D7E9512831650B001DE6DD /* ARKitTracker.swift */ = {isa = PBXFileReference; fileEncoding = 4; lastKnownFileType = sourcecode.swift; path = ARKitTracker.swift; sourceTree = "<group>"; };
		73D7E9522831650B001DE6DD /* ARKitTrackerConfiguration.swift */ = {isa = PBXFileReference; fileEncoding = 4; lastKnownFileType = sourcecode.swift; path = ARKitTrackerConfiguration.swift; sourceTree = "<group>"; };
		73D7E9542831650B001DE6DD /* Debouncer.swift */ = {isa = PBXFileReference; fileEncoding = 4; lastKnownFileType = sourcecode.swift; path = Debouncer.swift; sourceTree = "<group>"; };
		73D7E9572831650B001DE6DD /* SlidingAverageableWindow.swift */ = {isa = PBXFileReference; fileEncoding = 4; lastKnownFileType = sourcecode.swift; path = SlidingAverageableWindow.swift; sourceTree = "<group>"; };
		73D7E95A2831650B001DE6DD /* Averageable.swift */ = {isa = PBXFileReference; fileEncoding = 4; lastKnownFileType = sourcecode.swift; path = Averageable.swift; sourceTree = "<group>"; };
		73D7E95D2831650B001DE6DD /* Device+Extensions.swift */ = {isa = PBXFileReference; fileEncoding = 4; lastKnownFileType = sourcecode.swift; path = "Device+Extensions.swift"; sourceTree = "<group>"; };
		73D7E95E2831650B001DE6DD /* Publishers+ZipMany.swift */ = {isa = PBXFileReference; fileEncoding = 4; lastKnownFileType = sourcecode.swift; path = "Publishers+ZipMany.swift"; sourceTree = "<group>"; };
		73D7E95F2831650B001DE6DD /* Extensions.swift */ = {isa = PBXFileReference; fileEncoding = 4; lastKnownFileType = sourcecode.swift; path = Extensions.swift; sourceTree = "<group>"; };
		73D7E9602831650B001DE6DD /* simd_float4x4+Averageable.swift */ = {isa = PBXFileReference; fileEncoding = 4; lastKnownFileType = sourcecode.swift; path = "simd_float4x4+Averageable.swift"; sourceTree = "<group>"; };
		73D7E9612831650B001DE6DD /* CGPoint+Averageable.swift */ = {isa = PBXFileReference; fileEncoding = 4; lastKnownFileType = sourcecode.swift; path = "CGPoint+Averageable.swift"; sourceTree = "<group>"; };
		73D7E9622831650B001DE6DD /* SCNVector3+Averageable.swift */ = {isa = PBXFileReference; fileEncoding = 4; lastKnownFileType = sourcecode.swift; path = "SCNVector3+Averageable.swift"; sourceTree = "<group>"; };
/* End PBXFileReference section */

/* Begin PBXFrameworksBuildPhase section */
		607FACCD1AFB9204008FA782 /* Frameworks */ = {
			isa = PBXFrameworksBuildPhase;
			buildActionMask = 2147483647;
			files = (
				732EA84328315C2700F2C642 /* OrderedCollections in Frameworks */,
				732EA83F28315C2700F2C642 /* Collections in Frameworks */,
				732EA84128315C2700F2C642 /* DequeModule in Frameworks */,
				732EA83928315AD100F2C642 /* DeviceKit in Frameworks */,
				732EA83C28315B1700F2C642 /* NotificationBannerSwift in Frameworks */,
			);
			runOnlyForDeploymentPostprocessing = 0;
		};
/* End PBXFrameworksBuildPhase section */

/* Begin PBXGroup section */
		607FACC71AFB9204008FA782 = {
			isa = PBXGroup;
			children = (
				607FACD21AFB9204008FA782 /* Example for GazeTracker */,
				607FACD11AFB9204008FA782 /* Products */,
			);
			sourceTree = "<group>";
		};
		607FACD11AFB9204008FA782 /* Products */ = {
			isa = PBXGroup;
			children = (
				607FACD01AFB9204008FA782 /* GazeTracker_Example.app */,
			);
			name = Products;
			sourceTree = "<group>";
		};
		607FACD21AFB9204008FA782 /* Example for GazeTracker */ = {
			isa = PBXGroup;
			children = (
				73D7E9322831650B001DE6DD /* GazeTracker */,
				607FACD51AFB9204008FA782 /* AppDelegate.swift */,
				607FACD71AFB9204008FA782 /* ViewController.swift */,
				607FACDC1AFB9204008FA782 /* Images.xcassets */,
				607FACDE1AFB9204008FA782 /* LaunchScreen.xib */,
				607FACD31AFB9204008FA782 /* Supporting Files */,
				73A2FE2627C260F0008F1D4B /* PrecisionTestViewController.swift */,
				732EA7D42829139000F2C642 /* GestureRecognitionTesting.swift */,
			);
			name = "Example for GazeTracker";
			path = GazeTracker;
			sourceTree = "<group>";
		};
		607FACD31AFB9204008FA782 /* Supporting Files */ = {
			isa = PBXGroup;
			children = (
				607FACD41AFB9204008FA782 /* Info.plist */,
			);
			name = "Supporting Files";
			sourceTree = "<group>";
		};
		73D7E9322831650B001DE6DD /* GazeTracker */ = {
			isa = PBXGroup;
			children = (
				73D7E9332831650B001DE6DD /* Core */,
				73D7E9552831650B001DE6DD /* Utils */,
				73D7E95B2831650B001DE6DD /* Helpers */,
			);
			name = GazeTracker;
			path = ../../Sources/GazeTracker;
			sourceTree = "<group>";
		};
		73D7E9332831650B001DE6DD /* Core */ = {
			isa = PBXGroup;
			children = (
				73D7E9342831650B001DE6DD /* Configuration */,
				73D7E93E2831650B001DE6DD /* Frontend */,
				73D7E94B2831650B001DE6DD /* Backend */,
			);
			path = Core;
			sourceTree = "<group>";
		};
		73D7E9342831650B001DE6DD /* Configuration */ = {
			isa = PBXGroup;
			children = (
				73D7E9352831650B001DE6DD /* EyeTrackingConfiguration.swift */,
				73D7E9362831650B001DE6DD /* EyeTrackingSystem.swift */,
				73D7E9372831650B001DE6DD /* Erasure */,
				73D7E9382831650B001DE6DD /* Protocols */,
			);
			path = Configuration;
			sourceTree = "<group>";
		};
		73D7E9372831650B001DE6DD /* Erasure */ = {
			isa = PBXGroup;
			children = (
			);
			path = Erasure;
			sourceTree = "<group>";
		};
		73D7E9382831650B001DE6DD /* Protocols */ = {
			isa = PBXGroup;
			children = (
				73D7E9392831650B001DE6DD /* BackendLayerProtocol.swift */,
				73D7E93A2831650B001DE6DD /* Configurable */,
				73D7E93C2831650B001DE6DD /* Operational */,
				73D7E93D2831650B001DE6DD /* FrontendLayerProtocol.swift */,
			);
			path = Protocols;
			sourceTree = "<group>";
		};
		73D7E93A2831650B001DE6DD /* Configurable */ = {
			isa = PBXGroup;
			children = (
				73D7E93B2831650B001DE6DD /* ConfigurableLayer.swift */,
			);
			path = Configurable;
			sourceTree = "<group>";
		};
		73D7E93C2831650B001DE6DD /* Operational */ = {
			isa = PBXGroup;
			children = (
			);
			path = Operational;
			sourceTree = "<group>";
		};
		73D7E93E2831650B001DE6DD /* Frontend */ = {
			isa = PBXGroup;
			children = (
				73D7E93F2831650B001DE6DD /* UIKitDispatcher */,
				73D7E9452831650B001DE6DD /* Gesture */,
				73D7E94A2831650B001DE6DD /* Event */,
			);
			path = Frontend;
			sourceTree = "<group>";
		};
		73D7E93F2831650B001DE6DD /* UIKitDispatcher */ = {
			isa = PBXGroup;
			children = (
				73D7E9402831650B001DE6DD /* GestureExecutionSystem.swift */,
				73D7E9412831650B001DE6DD /* EventDispatcherConfiguration.swift */,
				73D7E9422831650B001DE6DD /* Event */,
				73D7E9442831650B001DE6DD /* EventDispatcher.swift */,
			);
			path = UIKitDispatcher;
			sourceTree = "<group>";
		};
		73D7E9422831650B001DE6DD /* Event */ = {
			isa = PBXGroup;
			children = (
				73D7E9432831650B001DE6DD /* GazeEvent.swift */,
			);
			path = Event;
			sourceTree = "<group>";
		};
		73D7E9452831650B001DE6DD /* Gesture */ = {
			isa = PBXGroup;
			children = (
				73D7E9462831650B001DE6DD /* GazeGestureRecognizer.swift */,
				73D7E9472831650B001DE6DD /* BlinkGestureRecognizer.swift */,
				73D7E9482831650B001DE6DD /* LongGazeGestureRecognizer.swift */,
				73D7E9492831650B001DE6DD /* BaseEyeGestureRecognizer.swift */,
			);
			path = Gesture;
			sourceTree = "<group>";
		};
		73D7E94A2831650B001DE6DD /* Event */ = {
			isa = PBXGroup;
			children = (
			);
			path = Event;
			sourceTree = "<group>";
		};
		73D7E94B2831650B001DE6DD /* Backend */ = {
			isa = PBXGroup;
			children = (
				73D7E94C2831650B001DE6DD /* GazeTrackingBackendDelegate.swift */,
				73D7E94D2831650B001DE6DD /* Model */,
				73D7E94F2831650B001DE6DD /* ARKit */,
			);
			path = Backend;
			sourceTree = "<group>";
		};
		73D7E94D2831650B001DE6DD /* Model */ = {
			isa = PBXGroup;
			children = (
				73D7E94E2831650B001DE6DD /* GazeTrackingEvent.swift */,
			);
			path = Model;
			sourceTree = "<group>";
		};
		73D7E94F2831650B001DE6DD /* ARKit */ = {
			isa = PBXGroup;
			children = (
				73D7E9502831650B001DE6DD /* CoordinateMapper.swift */,
				73D7E9512831650B001DE6DD /* ARKitTracker.swift */,
				73D7E9522831650B001DE6DD /* ARKitTrackerConfiguration.swift */,
				73D7E9532831650B001DE6DD /* CoordinateMapper */,
				73D7E9542831650B001DE6DD /* Debouncer.swift */,
			);
			path = ARKit;
			sourceTree = "<group>";
		};
		73D7E9532831650B001DE6DD /* CoordinateMapper */ = {
			isa = PBXGroup;
			children = (
			);
			path = CoordinateMapper;
			sourceTree = "<group>";
		};
		73D7E9552831650B001DE6DD /* Utils */ = {
			isa = PBXGroup;
			children = (
				73D7E9562831650B001DE6DD /* SlidingWindow */,
				73D7E9582831650B001DE6DD /* Extensions */,
				73D7E9592831650B001DE6DD /* Protocols */,
			);
			path = Utils;
			sourceTree = "<group>";
		};
		73D7E9562831650B001DE6DD /* SlidingWindow */ = {
			isa = PBXGroup;
			children = (
				73D7E9572831650B001DE6DD /* SlidingAverageableWindow.swift */,
			);
			path = SlidingWindow;
			sourceTree = "<group>";
		};
		73D7E9582831650B001DE6DD /* Extensions */ = {
			isa = PBXGroup;
			children = (
			);
			path = Extensions;
			sourceTree = "<group>";
		};
		73D7E9592831650B001DE6DD /* Protocols */ = {
			isa = PBXGroup;
			children = (
				73D7E95A2831650B001DE6DD /* Averageable.swift */,
			);
			path = Protocols;
			sourceTree = "<group>";
		};
		73D7E95B2831650B001DE6DD /* Helpers */ = {
			isa = PBXGroup;
			children = (
				73D7E95C2831650B001DE6DD /* Extensions */,
			);
			path = Helpers;
			sourceTree = "<group>";
		};
		73D7E95C2831650B001DE6DD /* Extensions */ = {
			isa = PBXGroup;
			children = (
				73D7E95D2831650B001DE6DD /* Device+Extensions.swift */,
				73D7E95E2831650B001DE6DD /* Publishers+ZipMany.swift */,
				73D7E95F2831650B001DE6DD /* Extensions.swift */,
				73D7E9602831650B001DE6DD /* simd_float4x4+Averageable.swift */,
				73D7E9612831650B001DE6DD /* CGPoint+Averageable.swift */,
				73D7E9622831650B001DE6DD /* SCNVector3+Averageable.swift */,
			);
			path = Extensions;
			sourceTree = "<group>";
		};
/* End PBXGroup section */

/* Begin PBXNativeTarget section */
		607FACCF1AFB9204008FA782 /* GazeTracker_Example */ = {
			isa = PBXNativeTarget;
			buildConfigurationList = 607FACEF1AFB9204008FA782 /* Build configuration list for PBXNativeTarget "GazeTracker_Example" */;
			buildPhases = (
				607FACCC1AFB9204008FA782 /* Sources */,
				607FACCD1AFB9204008FA782 /* Frameworks */,
				607FACCE1AFB9204008FA782 /* Resources */,
			);
			buildRules = (
			);
			dependencies = (
			);
			name = GazeTracker_Example;
			packageProductDependencies = (
				732EA83828315AD100F2C642 /* DeviceKit */,
				732EA83B28315B1700F2C642 /* NotificationBannerSwift */,
				732EA83E28315C2700F2C642 /* Collections */,
				732EA84028315C2700F2C642 /* DequeModule */,
				732EA84228315C2700F2C642 /* OrderedCollections */,
			);
			productName = GazeTracker;
			productReference = 607FACD01AFB9204008FA782 /* GazeTracker_Example.app */;
			productType = "com.apple.product-type.application";
		};
/* End PBXNativeTarget section */

/* Begin PBXProject section */
		607FACC81AFB9204008FA782 /* Project object */ = {
			isa = PBXProject;
			attributes = {
				LastSwiftUpdateCheck = 0830;
				LastUpgradeCheck = 0830;
				ORGANIZATIONNAME = CocoaPods;
				TargetAttributes = {
					607FACCF1AFB9204008FA782 = {
						CreatedOnToolsVersion = 6.3.1;
						DevelopmentTeam = 593ZV4B3B7;
						LastSwiftMigration = 0900;
					};
				};
			};
			buildConfigurationList = 607FACCB1AFB9204008FA782 /* Build configuration list for PBXProject "GazeTracker" */;
			compatibilityVersion = "Xcode 3.2";
			developmentRegion = English;
			hasScannedForEncodings = 0;
			knownRegions = (
				English,
				en,
				Base,
			);
			mainGroup = 607FACC71AFB9204008FA782;
			packageReferences = (
				732EA83728315AD100F2C642 /* XCRemoteSwiftPackageReference "DeviceKit" */,
				732EA83A28315B1700F2C642 /* XCRemoteSwiftPackageReference "NotificationBanner" */,
				732EA83D28315C2700F2C642 /* XCRemoteSwiftPackageReference "swift-collections" */,
			);
			productRefGroup = 607FACD11AFB9204008FA782 /* Products */;
			projectDirPath = "";
			projectRoot = "";
			targets = (
				607FACCF1AFB9204008FA782 /* GazeTracker_Example */,
			);
		};
/* End PBXProject section */

/* Begin PBXResourcesBuildPhase section */
		607FACCE1AFB9204008FA782 /* Resources */ = {
			isa = PBXResourcesBuildPhase;
			buildActionMask = 2147483647;
			files = (
				607FACE01AFB9204008FA782 /* LaunchScreen.xib in Resources */,
				607FACDD1AFB9204008FA782 /* Images.xcassets in Resources */,
			);
			runOnlyForDeploymentPostprocessing = 0;
		};
/* End PBXResourcesBuildPhase section */

/* Begin PBXSourcesBuildPhase section */
		607FACCC1AFB9204008FA782 /* Sources */ = {
			isa = PBXSourcesBuildPhase;
			buildActionMask = 2147483647;
			files = (
				73D7E9792831650B001DE6DD /* Publishers+ZipMany.swift in Sources */,
				73D7E9662831650B001DE6DD /* ConfigurableLayer.swift in Sources */,
				73D7E9682831650B001DE6DD /* GestureExecutionSystem.swift in Sources */,
				732EA7D52829139000F2C642 /* GestureRecognitionTesting.swift in Sources */,
				73D7E96D2831650B001DE6DD /* BlinkGestureRecognizer.swift in Sources */,
				73D7E96A2831650B001DE6DD /* GazeEvent.swift in Sources */,
				73D7E96C2831650B001DE6DD /* GazeGestureRecognizer.swift in Sources */,
				73D7E96F2831650B001DE6DD /* BaseEyeGestureRecognizer.swift in Sources */,
				73D7E9772831650B001DE6DD /* Averageable.swift in Sources */,
				73A2FE2727C260F0008F1D4B /* PrecisionTestViewController.swift in Sources */,
				73D7E9632831650B001DE6DD /* EyeTrackingConfiguration.swift in Sources */,
				73D7E9702831650B001DE6DD /* GazeTrackingBackendDelegate.swift in Sources */,
				73D7E9722831650B001DE6DD /* CoordinateMapper.swift in Sources */,
				73D7E96E2831650B001DE6DD /* LongGazeGestureRecognizer.swift in Sources */,
				73D7E9782831650B001DE6DD /* Device+Extensions.swift in Sources */,
				607FACD81AFB9204008FA782 /* ViewController.swift in Sources */,
				73D7E97C2831650B001DE6DD /* CGPoint+Averageable.swift in Sources */,
				607FACD61AFB9204008FA782 /* AppDelegate.swift in Sources */,
				73D7E9752831650B001DE6DD /* Debouncer.swift in Sources */,
				73D7E96B2831650B001DE6DD /* EventDispatcher.swift in Sources */,
				73D7E9732831650B001DE6DD /* ARKitTracker.swift in Sources */,
				73D7E97B2831650B001DE6DD /* simd_float4x4+Averageable.swift in Sources */,
				73D7E9672831650B001DE6DD /* FrontendLayerProtocol.swift in Sources */,
				73D7E9762831650B001DE6DD /* SlidingAverageableWindow.swift in Sources */,
				73D7E9742831650B001DE6DD /* ARKitTrackerConfiguration.swift in Sources */,
				73D7E9712831650B001DE6DD /* GazeTrackingEvent.swift in Sources */,
				73D7E97D2831650B001DE6DD /* SCNVector3+Averageable.swift in Sources */,
				73D7E9692831650B001DE6DD /* EventDispatcherConfiguration.swift in Sources */,
				73D7E9652831650B001DE6DD /* BackendLayerProtocol.swift in Sources */,
				73D7E9642831650B001DE6DD /* EyeTrackingSystem.swift in Sources */,
				73D7E97A2831650B001DE6DD /* Extensions.swift in Sources */,
			);
			runOnlyForDeploymentPostprocessing = 0;
		};
/* End PBXSourcesBuildPhase section */

/* Begin PBXVariantGroup section */
		607FACDE1AFB9204008FA782 /* LaunchScreen.xib */ = {
			isa = PBXVariantGroup;
			children = (
				607FACDF1AFB9204008FA782 /* Base */,
			);
			name = LaunchScreen.xib;
			sourceTree = "<group>";
		};
/* End PBXVariantGroup section */

/* Begin XCBuildConfiguration section */
		607FACED1AFB9204008FA782 /* Debug */ = {
			isa = XCBuildConfiguration;
			buildSettings = {
				ALWAYS_SEARCH_USER_PATHS = NO;
				CLANG_CXX_LANGUAGE_STANDARD = "gnu++0x";
				CLANG_CXX_LIBRARY = "libc++";
				CLANG_ENABLE_MODULES = YES;
				CLANG_ENABLE_OBJC_ARC = YES;
				CLANG_WARN_BLOCK_CAPTURE_AUTORELEASING = YES;
				CLANG_WARN_BOOL_CONVERSION = YES;
				CLANG_WARN_COMMA = YES;
				CLANG_WARN_CONSTANT_CONVERSION = YES;
				CLANG_WARN_DIRECT_OBJC_ISA_USAGE = YES_ERROR;
				CLANG_WARN_EMPTY_BODY = YES;
				CLANG_WARN_ENUM_CONVERSION = YES;
				CLANG_WARN_INFINITE_RECURSION = YES;
				CLANG_WARN_INT_CONVERSION = YES;
				CLANG_WARN_NON_LITERAL_NULL_CONVERSION = YES;
				CLANG_WARN_OBJC_LITERAL_CONVERSION = YES;
				CLANG_WARN_OBJC_ROOT_CLASS = YES_ERROR;
				CLANG_WARN_RANGE_LOOP_ANALYSIS = YES;
				CLANG_WARN_STRICT_PROTOTYPES = YES;
				CLANG_WARN_SUSPICIOUS_MOVE = YES;
				CLANG_WARN_UNREACHABLE_CODE = YES;
				CLANG_WARN__DUPLICATE_METHOD_MATCH = YES;
				"CODE_SIGN_IDENTITY[sdk=iphoneos*]" = "iPhone Developer";
				COPY_PHASE_STRIP = NO;
				DEBUG_INFORMATION_FORMAT = "dwarf-with-dsym";
				ENABLE_STRICT_OBJC_MSGSEND = YES;
				ENABLE_TESTABILITY = YES;
				GCC_C_LANGUAGE_STANDARD = gnu99;
				GCC_DYNAMIC_NO_PIC = NO;
				GCC_NO_COMMON_BLOCKS = YES;
				GCC_OPTIMIZATION_LEVEL = 0;
				GCC_PREPROCESSOR_DEFINITIONS = (
					"DEBUG=1",
					"$(inherited)",
				);
				GCC_SYMBOLS_PRIVATE_EXTERN = NO;
				GCC_WARN_64_TO_32_BIT_CONVERSION = YES;
				GCC_WARN_ABOUT_RETURN_TYPE = YES_ERROR;
				GCC_WARN_UNDECLARED_SELECTOR = YES;
				GCC_WARN_UNINITIALIZED_AUTOS = YES_AGGRESSIVE;
				GCC_WARN_UNUSED_FUNCTION = YES;
				GCC_WARN_UNUSED_VARIABLE = YES;
				IPHONEOS_DEPLOYMENT_TARGET = 9.3;
				MTL_ENABLE_DEBUG_INFO = YES;
				ONLY_ACTIVE_ARCH = YES;
				SDKROOT = iphoneos;
				SWIFT_OPTIMIZATION_LEVEL = "-Onone";
			};
			name = Debug;
		};
		607FACEE1AFB9204008FA782 /* Release */ = {
			isa = XCBuildConfiguration;
			buildSettings = {
				ALWAYS_SEARCH_USER_PATHS = NO;
				CLANG_CXX_LANGUAGE_STANDARD = "gnu++0x";
				CLANG_CXX_LIBRARY = "libc++";
				CLANG_ENABLE_MODULES = YES;
				CLANG_ENABLE_OBJC_ARC = YES;
				CLANG_WARN_BLOCK_CAPTURE_AUTORELEASING = YES;
				CLANG_WARN_BOOL_CONVERSION = YES;
				CLANG_WARN_COMMA = YES;
				CLANG_WARN_CONSTANT_CONVERSION = YES;
				CLANG_WARN_DIRECT_OBJC_ISA_USAGE = YES_ERROR;
				CLANG_WARN_EMPTY_BODY = YES;
				CLANG_WARN_ENUM_CONVERSION = YES;
				CLANG_WARN_INFINITE_RECURSION = YES;
				CLANG_WARN_INT_CONVERSION = YES;
				CLANG_WARN_NON_LITERAL_NULL_CONVERSION = YES;
				CLANG_WARN_OBJC_LITERAL_CONVERSION = YES;
				CLANG_WARN_OBJC_ROOT_CLASS = YES_ERROR;
				CLANG_WARN_RANGE_LOOP_ANALYSIS = YES;
				CLANG_WARN_STRICT_PROTOTYPES = YES;
				CLANG_WARN_SUSPICIOUS_MOVE = YES;
				CLANG_WARN_UNREACHABLE_CODE = YES;
				CLANG_WARN__DUPLICATE_METHOD_MATCH = YES;
				"CODE_SIGN_IDENTITY[sdk=iphoneos*]" = "iPhone Developer";
				COPY_PHASE_STRIP = NO;
				DEBUG_INFORMATION_FORMAT = "dwarf-with-dsym";
				ENABLE_NS_ASSERTIONS = NO;
				ENABLE_STRICT_OBJC_MSGSEND = YES;
				GCC_C_LANGUAGE_STANDARD = gnu99;
				GCC_NO_COMMON_BLOCKS = YES;
				GCC_WARN_64_TO_32_BIT_CONVERSION = YES;
				GCC_WARN_ABOUT_RETURN_TYPE = YES_ERROR;
				GCC_WARN_UNDECLARED_SELECTOR = YES;
				GCC_WARN_UNINITIALIZED_AUTOS = YES_AGGRESSIVE;
				GCC_WARN_UNUSED_FUNCTION = YES;
				GCC_WARN_UNUSED_VARIABLE = YES;
				IPHONEOS_DEPLOYMENT_TARGET = 9.3;
				MTL_ENABLE_DEBUG_INFO = NO;
				SDKROOT = iphoneos;
				SWIFT_COMPILATION_MODE = wholemodule;
				SWIFT_OPTIMIZATION_LEVEL = "-O";
				VALIDATE_PRODUCT = YES;
			};
			name = Release;
		};
		607FACF01AFB9204008FA782 /* Debug */ = {
			isa = XCBuildConfiguration;
			buildSettings = {
				ASSETCATALOG_COMPILER_APPICON_NAME = AppIcon;
				DEVELOPMENT_TEAM = 593ZV4B3B7;
				INFOPLIST_FILE = GazeTracker/Info.plist;
				IPHONEOS_DEPLOYMENT_TARGET = 13.4;
				LD_RUNPATH_SEARCH_PATHS = (
					"$(inherited)",
					"@executable_path/Frameworks",
				);
				MODULE_NAME = ExampleApp;
				PRODUCT_BUNDLE_IDENTIFIER = "com.enoxus.GazeTracker-Example";
				PRODUCT_NAME = "$(TARGET_NAME)";
				SWIFT_SWIFT3_OBJC_INFERENCE = Default;
				SWIFT_VERSION = 5.0;
			};
			name = Debug;
		};
		607FACF11AFB9204008FA782 /* Release */ = {
			isa = XCBuildConfiguration;
			buildSettings = {
				ASSETCATALOG_COMPILER_APPICON_NAME = AppIcon;
				DEVELOPMENT_TEAM = 593ZV4B3B7;
				INFOPLIST_FILE = GazeTracker/Info.plist;
				IPHONEOS_DEPLOYMENT_TARGET = 13.4;
				LD_RUNPATH_SEARCH_PATHS = (
					"$(inherited)",
					"@executable_path/Frameworks",
				);
				MODULE_NAME = ExampleApp;
				PRODUCT_BUNDLE_IDENTIFIER = "com.enoxus.GazeTracker-Example";
				PRODUCT_NAME = "$(TARGET_NAME)";
				SWIFT_SWIFT3_OBJC_INFERENCE = Default;
				SWIFT_VERSION = 5.0;
			};
			name = Release;
		};
/* End XCBuildConfiguration section */

/* Begin XCConfigurationList section */
		607FACCB1AFB9204008FA782 /* Build configuration list for PBXProject "GazeTracker" */ = {
			isa = XCConfigurationList;
			buildConfigurations = (
				607FACED1AFB9204008FA782 /* Debug */,
				607FACEE1AFB9204008FA782 /* Release */,
			);
			defaultConfigurationIsVisible = 0;
			defaultConfigurationName = Release;
		};
		607FACEF1AFB9204008FA782 /* Build configuration list for PBXNativeTarget "GazeTracker_Example" */ = {
			isa = XCConfigurationList;
			buildConfigurations = (
				607FACF01AFB9204008FA782 /* Debug */,
				607FACF11AFB9204008FA782 /* Release */,
			);
			defaultConfigurationIsVisible = 0;
			defaultConfigurationName = Release;
		};
/* End XCConfigurationList section */

/* Begin XCRemoteSwiftPackageReference section */
		732EA83728315AD100F2C642 /* XCRemoteSwiftPackageReference "DeviceKit" */ = {
			isa = XCRemoteSwiftPackageReference;
			repositoryURL = "https://github.com/devicekit/DeviceKit";
			requirement = {
				kind = upToNextMajorVersion;
				minimumVersion = 4.0.0;
			};
		};
		732EA83A28315B1700F2C642 /* XCRemoteSwiftPackageReference "NotificationBanner" */ = {
			isa = XCRemoteSwiftPackageReference;
			repositoryURL = "https://github.com/Daltron/NotificationBanner";
			requirement = {
				kind = upToNextMajorVersion;
				minimumVersion = 3.0.0;
			};
		};
		732EA83D28315C2700F2C642 /* XCRemoteSwiftPackageReference "swift-collections" */ = {
			isa = XCRemoteSwiftPackageReference;
			repositoryURL = "https://github.com/apple/swift-collections.git";
			requirement = {
				kind = upToNextMajorVersion;
				minimumVersion = 1.0.0;
			};
		};
/* End XCRemoteSwiftPackageReference section */

/* Begin XCSwiftPackageProductDependency section */
		732EA83828315AD100F2C642 /* DeviceKit */ = {
			isa = XCSwiftPackageProductDependency;
			package = 732EA83728315AD100F2C642 /* XCRemoteSwiftPackageReference "DeviceKit" */;
			productName = DeviceKit;
		};
		732EA83B28315B1700F2C642 /* NotificationBannerSwift */ = {
			isa = XCSwiftPackageProductDependency;
			package = 732EA83A28315B1700F2C642 /* XCRemoteSwiftPackageReference "NotificationBanner" */;
			productName = NotificationBannerSwift;
		};
		732EA83E28315C2700F2C642 /* Collections */ = {
			isa = XCSwiftPackageProductDependency;
			package = 732EA83D28315C2700F2C642 /* XCRemoteSwiftPackageReference "swift-collections" */;
			productName = Collections;
		};
		732EA84028315C2700F2C642 /* DequeModule */ = {
			isa = XCSwiftPackageProductDependency;
			package = 732EA83D28315C2700F2C642 /* XCRemoteSwiftPackageReference "swift-collections" */;
			productName = DequeModule;
		};
		732EA84228315C2700F2C642 /* OrderedCollections */ = {
			isa = XCSwiftPackageProductDependency;
			package = 732EA83D28315C2700F2C642 /* XCRemoteSwiftPackageReference "swift-collections" */;
			productName = OrderedCollections;
		};
/* End XCSwiftPackageProductDependency section */
	};
	rootObject = 607FACC81AFB9204008FA782 /* Project object */;
}
